
Microsoft Visual Studio Solution File, Format Version 12.00
# Visual Studio Version 16
VisualStudioVersion = 16.0.31313.79
MinimumVisualStudioVersion = 10.0.40219.1
Project("{FAE04EC0-301F-11D3-BF4B-00C04F79EFBC}") = "Aula20210528_ListaComOrdem", "Aula20210528_ListaComOrdem\Aula20210528_ListaComOrdem.csproj", "{8341E3E0-C8F0-4FAF-B3C2-081BD30F9366}"
EndProject
Global
	GlobalSection(SolutionConfigurationPlatforms) = preSolution
		Debug|Any CPU = Debug|Any CPU
		Release|Any CPU = Release|Any CPU
	EndGlobalSection
	GlobalSection(ProjectConfigurationPlatforms) = postSolution
		{8341E3E0-C8F0-4FAF-B3C2-081BD30F9366}.Debug|Any CPU.ActiveCfg = Debug|Any CPU
		{8341E3E0-C8F0-4FAF-B3C2-081BD30F9366}.Debug|Any CPU.Build.0 = Debug|Any CPU
		{8341E3E0-C8F0-4FAF-B3C2-081BD30F9366}.Release|Any CPU.ActiveCfg = Release|Any CPU
		{8341E3E0-C8F0-4FAF-B3C2-081BD30F9366}.Release|Any CPU.Build.0 = Release|Any CPU
	EndGlobalSection
	GlobalSection(SolutionProperties) = preSolution
		HideSolutionNode = FALSE
	EndGlobalSection
	GlobalSection(ExtensibilityGlobals) = postSolution
		SolutionGuid = {076BE989-0A16-436D-A353-70A85BD6750D}
	EndGlobalSection
EndGlobal
