
Microsoft Visual Studio Solution File, Format Version 12.00
# Visual Studio Version 16
VisualStudioVersion = 16.0.31005.135
MinimumVisualStudioVersion = 10.0.40219.1
Project("{FAE04EC0-301F-11D3-BF4B-00C04F79EFBC}") = "EAD", "EAD\EAD.csproj", "{C0E4F3C7-DA1D-4105-A0FE-13AD2EBA683A}"
EndProject
Global
	GlobalSection(SolutionConfigurationPlatforms) = preSolution
		Debug|Any CPU = Debug|Any CPU
		Release|Any CPU = Release|Any CPU
	EndGlobalSection
	GlobalSection(ProjectConfigurationPlatforms) = postSolution
		{C0E4F3C7-DA1D-4105-A0FE-13AD2EBA683A}.Debug|Any CPU.ActiveCfg = Debug|Any CPU
		{C0E4F3C7-DA1D-4105-A0FE-13AD2EBA683A}.Debug|Any CPU.Build.0 = Debug|Any CPU
		{C0E4F3C7-DA1D-4105-A0FE-13AD2EBA683A}.Release|Any CPU.ActiveCfg = Release|Any CPU
		{C0E4F3C7-DA1D-4105-A0FE-13AD2EBA683A}.Release|Any CPU.Build.0 = Release|Any CPU
	EndGlobalSection
	GlobalSection(SolutionProperties) = preSolution
		HideSolutionNode = FALSE
	EndGlobalSection
	GlobalSection(ExtensibilityGlobals) = postSolution
		SolutionGuid = {32523304-B14E-495C-83CB-2D12FDA74857}
	EndGlobalSection
EndGlobal
